Microsoft Visual Studio Solution File, Format Version 12.00
# Visual Studio 15
Project("{8BC9CEB8-8B4A-11D0-8D11-00A0C91BC942}") = "ALL_BUILD", "ALL_BUILD.vcxproj", "{349DBF4E-DF25-3630-8690-AABA8CD373D3}"
	ProjectSection(ProjectDependencies) = postProject
		{4B5A8F37-76FA-3E62-B9FD-3FCFFB1E0F54} = {4B5A8F37-76FA-3E62-B9FD-3FCFFB1E0F54}
		{EDB49F2E-CD42-3BCF-813A-C6F7FCECD676} = {EDB49F2E-CD42-3BCF-813A-C6F7FCECD676}
	EndProjectSection
EndProject
Project("{8BC9CEB8-8B4A-11D0-8D11-00A0C91BC942}") = "Project_Hello_World", "Project_Hello_World.vcxproj", "{4B5A8F37-76FA-3E62-B9FD-3FCFFB1E0F54}"
	ProjectSection(ProjectDependencies) = postProject
		{EDB49F2E-CD42-3BCF-813A-C6F7FCECD676} = {EDB49F2E-CD42-3BCF-813A-C6F7FCECD676}
	EndProjectSection
EndProject
Project("{8BC9CEB8-8B4A-11D0-8D11-00A0C91BC942}") = "ZERO_CHECK", "ZERO_CHECK.vcxproj", "{EDB49F2E-CD42-3BCF-813A-C6F7FCECD676}"
	ProjectSection(ProjectDependencies) = postProject
	EndProjectSection
EndProject
Global
	GlobalSection(SolutionConfigurationPlatforms) = preSolution
		Debug|Win32 = Debug|Win32
		Release|Win32 = Release|Win32
		MinSizeRel|Win32 = MinSizeRel|Win32
		RelWithDebInfo|Win32 = RelWithDebInfo|Win32
	EndGlobalSection
	GlobalSection(ProjectConfigurationPlatforms) = postSolution
		{349DBF4E-DF25-3630-8690-AABA8CD373D3}.Debug|Win32.ActiveCfg = Debug|Win32
		{349DBF4E-DF25-3630-8690-AABA8CD373D3}.Release|Win32.ActiveCfg = Release|Win32
		{349DBF4E-DF25-3630-8690-AABA8CD373D3}.MinSizeRel|Win32.ActiveCfg = MinSizeRel|Win32
		{349DBF4E-DF25-3630-8690-AABA8CD373D3}.RelWithDebInfo|Win32.ActiveCfg = RelWithDebInfo|Win32
		{4B5A8F37-76FA-3E62-B9FD-3FCFFB1E0F54}.Debug|Win32.ActiveCfg = Debug|Win32
		{4B5A8F37-76FA-3E62-B9FD-3FCFFB1E0F54}.Debug|Win32.Build.0 = Debug|Win32
		{4B5A8F37-76FA-3E62-B9FD-3FCFFB1E0F54}.Release|Win32.ActiveCfg = Release|Win32
		{4B5A8F37-76FA-3E62-B9FD-3FCFFB1E0F54}.Release|Win32.Build.0 = Release|Win32
		{4B5A8F37-76FA-3E62-B9FD-3FCFFB1E0F54}.MinSizeRel|Win32.ActiveCfg = MinSizeRel|Win32
		{4B5A8F37-76FA-3E62-B9FD-3FCFFB1E0F54}.MinSizeRel|Win32.Build.0 = MinSizeRel|Win32
		{4B5A8F37-76FA-3E62-B9FD-3FCFFB1E0F54}.RelWithDebInfo|Win32.ActiveCfg = RelWithDebInfo|Win32
		{4B5A8F37-76FA-3E62-B9FD-3FCFFB1E0F54}.RelWithDebInfo|Win32.Build.0 = RelWithDebInfo|Win32
		{EDB49F2E-CD42-3BCF-813A-C6F7FCECD676}.Debug|Win32.ActiveCfg = Debug|Win32
		{EDB49F2E-CD42-3BCF-813A-C6F7FCECD676}.Debug|Win32.Build.0 = Debug|Win32
		{EDB49F2E-CD42-3BCF-813A-C6F7FCECD676}.Release|Win32.ActiveCfg = Release|Win32
		{EDB49F2E-CD42-3BCF-813A-C6F7FCECD676}.Release|Win32.Build.0 = Release|Win32
		{EDB49F2E-CD42-3BCF-813A-C6F7FCECD676}.MinSizeRel|Win32.ActiveCfg = MinSizeRel|Win32
		{EDB49F2E-CD42-3BCF-813A-C6F7FCECD676}.MinSizeRel|Win32.Build.0 = MinSizeRel|Win32
		{EDB49F2E-CD42-3BCF-813A-C6F7FCECD676}.RelWithDebInfo|Win32.ActiveCfg = RelWithDebInfo|Win32
		{EDB49F2E-CD42-3BCF-813A-C6F7FCECD676}.RelWithDebInfo|Win32.Build.0 = RelWithDebInfo|Win32
	EndGlobalSection
	GlobalSection(ExtensibilityGlobals) = postSolution
		SolutionGuid = {2B13CAC6-22B1-3A9C-AB27-2FEEA106854F}
	EndGlobalSection
	GlobalSection(ExtensibilityAddIns) = postSolution
	EndGlobalSection
EndGlobal
